
Microsoft Visual Studio Solution File, Format Version 12.00
# Visual Studio Version 17
VisualStudioVersion = 17.3.32929.385
MinimumVisualStudioVersion = 10.0.40219.1
Project("{FAE04EC0-301F-11D3-BF4B-00C04F79EFBC}") = "AppASPNET", "AppASPNET\AppASPNET.csproj", "{0B08705B-1EAC-4CDB-9452-ECBE1BF7FD45}"
EndProject
Global
	GlobalSection(SolutionConfigurationPlatforms) = preSolution
		Debug|Any CPU = Debug|Any CPU
		Release|Any CPU = Release|Any CPU
	EndGlobalSection
	GlobalSection(ProjectConfigurationPlatforms) = postSolution
		{0B08705B-1EAC-4CDB-9452-ECBE1BF7FD45}.Debug|Any CPU.ActiveCfg = Debug|Any CPU
		{0B08705B-1EAC-4CDB-9452-ECBE1BF7FD45}.Debug|Any CPU.Build.0 = Debug|Any CPU
		{0B08705B-1EAC-4CDB-9452-ECBE1BF7FD45}.Release|Any CPU.ActiveCfg = Release|Any CPU
		{0B08705B-1EAC-4CDB-9452-ECBE1BF7FD45}.Release|Any CPU.Build.0 = Release|Any CPU
	EndGlobalSection
	GlobalSection(SolutionProperties) = preSolution
		HideSolutionNode = FALSE
	EndGlobalSection
	GlobalSection(ExtensibilityGlobals) = postSolution
		SolutionGuid = {282EFC27-41E5-4FD8-8CC2-16E810739525}
	EndGlobalSection
EndGlobal
